// !$*UTF8*$!
{
	archiveVersion = 1;
	classes = {
	};
	objectVersion = 56;
	objects = {

/* Begin PBXBuildFile section */
		D8B0E8C52AD277990029513C /* StaticsticView.swift in Sources */ = {isa = PBXBuildFile; fileRef = D8B0E8C42AD277990029513C /* StaticsticView.swift */; };
		D8B0E8C72AD2A39B0029513C /* HomeStatsView.swift in Sources */ = {isa = PBXBuildFile; fileRef = D8B0E8C62AD2A39B0029513C /* HomeStatsView.swift */; };
		D8DDCCE32AB1CE7700A1B22B /* HomeViewViewModel.swift in Sources */ = {isa = PBXBuildFile; fileRef = D8DDCCE22AB1CE7700A1B22B /* HomeViewViewModel.swift */; };
		D8DDCCE62AB8183800A1B22B /* CoinDataService.swift in Sources */ = {isa = PBXBuildFile; fileRef = D8DDCCE52AB8183800A1B22B /* CoinDataService.swift */; };
		D8DDCCE92AB8252F00A1B22B /* NetworkManager.swift in Sources */ = {isa = PBXBuildFile; fileRef = D8DDCCE82AB8252F00A1B22B /* NetworkManager.swift */; };
		D8DDCCEB2AB82B5F00A1B22B /* CoinImageView.swift in Sources */ = {isa = PBXBuildFile; fileRef = D8DDCCEA2AB82B5F00A1B22B /* CoinImageView.swift */; };
		D8DDCCED2AB878F800A1B22B /* LocalFileManager.swift in Sources */ = {isa = PBXBuildFile; fileRef = D8DDCCEC2AB878F800A1B22B /* LocalFileManager.swift */; };
		D8DDCCF12ABED74300A1B22B /* SearchBarView.swift in Sources */ = {isa = PBXBuildFile; fileRef = D8DDCCF02ABED74300A1B22B /* SearchBarView.swift */; };
		D8E332342AA31719002DB3CE /* CryptoApp.swift in Sources */ = {isa = PBXBuildFile; fileRef = D8E332332AA31719002DB3CE /* CryptoApp.swift */; };
		D8E332362AA31719002DB3CE /* ContentView.swift in Sources */ = {isa = PBXBuildFile; fileRef = D8E332352AA31719002DB3CE /* ContentView.swift */; };
		D8E3323B2AA3171A002DB3CE /* Preview Assets.xcassets in Resources */ = {isa = PBXBuildFile; fileRef = D8E3323A2AA3171A002DB3CE /* Preview Assets.xcassets */; };
		D8E332422AA317C8002DB3CE /* Assets.xcassets in Resources */ = {isa = PBXBuildFile; fileRef = D8E332412AA317C8002DB3CE /* Assets.xcassets */; };
		D8E3324A2AA31830002DB3CE /* Date.swift in Sources */ = {isa = PBXBuildFile; fileRef = D8E332442AA31830002DB3CE /* Date.swift */; };
		D8E3324B2AA31830002DB3CE /* PreviewProvider.swift in Sources */ = {isa = PBXBuildFile; fileRef = D8E332452AA31830002DB3CE /* PreviewProvider.swift */; };
		D8E3324C2AA31830002DB3CE /* String.swift in Sources */ = {isa = PBXBuildFile; fileRef = D8E332462AA31830002DB3CE /* String.swift */; };
		D8E3324D2AA31830002DB3CE /* Double.swift in Sources */ = {isa = PBXBuildFile; fileRef = D8E332472AA31830002DB3CE /* Double.swift */; };
		D8E3324E2AA31830002DB3CE /* UIApplication.swift in Sources */ = {isa = PBXBuildFile; fileRef = D8E332482AA31830002DB3CE /* UIApplication.swift */; };
		D8E3324F2AA31830002DB3CE /* Color.swift in Sources */ = {isa = PBXBuildFile; fileRef = D8E332492AA31830002DB3CE /* Color.swift */; };
		D8E332542AA31B7B002DB3CE /* HomeView.swift in Sources */ = {isa = PBXBuildFile; fileRef = D8E332532AA31B7B002DB3CE /* HomeView.swift */; };
		D8E332572AA31E8C002DB3CE /* CircleButton.swift in Sources */ = {isa = PBXBuildFile; fileRef = D8E332562AA31E8C002DB3CE /* CircleButton.swift */; };
		D8E332592AA33C1C002DB3CE /* CircleButtonAnimationView.swift in Sources */ = {isa = PBXBuildFile; fileRef = D8E332582AA33C1C002DB3CE /* CircleButtonAnimationView.swift */; };
		D8E332622AA348AC002DB3CE /* CoinModel.swift in Sources */ = {isa = PBXBuildFile; fileRef = D8E3325C2AA348AC002DB3CE /* CoinModel.swift */; };
		D8E332632AA348AC002DB3CE /* MarketDataModel.swift in Sources */ = {isa = PBXBuildFile; fileRef = D8E3325D2AA348AC002DB3CE /* MarketDataModel.swift */; };
		D8E332642AA348AC002DB3CE /* PortfolioContainer.xcdatamodeld in Sources */ = {isa = PBXBuildFile; fileRef = D8E3325E2AA348AC002DB3CE /* PortfolioContainer.xcdatamodeld */; };
		D8E332652AA348AC002DB3CE /* StatisticModel.swift in Sources */ = {isa = PBXBuildFile; fileRef = D8E332602AA348AC002DB3CE /* StatisticModel.swift */; };
		D8E332662AA348AC002DB3CE /* CoinDetailModel.swift in Sources */ = {isa = PBXBuildFile; fileRef = D8E332612AA348AC002DB3CE /* CoinDetailModel.swift */; };
		D8E332682AA36EEC002DB3CE /* CoinRowView.swift in Sources */ = {isa = PBXBuildFile; fileRef = D8E332672AA36EEC002DB3CE /* CoinRowView.swift */; };
/* End PBXBuildFile section */

/* Begin PBXFileReference section */
		D8B0E8C42AD277990029513C /* StaticsticView.swift */ = {isa = PBXFileReference; lastKnownFileType = sourcecode.swift; path = StaticsticView.swift; sourceTree = "<group>"; };
		D8B0E8C62AD2A39B0029513C /* HomeStatsView.swift */ = {isa = PBXFileReference; lastKnownFileType = sourcecode.swift; path = HomeStatsView.swift; sourceTree = "<group>"; };
		D8DDCCE22AB1CE7700A1B22B /* HomeViewViewModel.swift */ = {isa = PBXFileReference; lastKnownFileType = sourcecode.swift; path = HomeViewViewModel.swift; sourceTree = "<group>"; };
		D8DDCCE52AB8183800A1B22B /* CoinDataService.swift */ = {isa = PBXFileReference; lastKnownFileType = sourcecode.swift; path = CoinDataService.swift; sourceTree = "<group>"; };
		D8DDCCE82AB8252F00A1B22B /* NetworkManager.swift */ = {isa = PBXFileReference; lastKnownFileType = sourcecode.swift; path = NetworkManager.swift; sourceTree = "<group>"; };
		D8DDCCEA2AB82B5F00A1B22B /* CoinImageView.swift */ = {isa = PBXFileReference; lastKnownFileType = sourcecode.swift; path = CoinImageView.swift; sourceTree = "<group>"; };
		D8DDCCEC2AB878F800A1B22B /* LocalFileManager.swift */ = {isa = PBXFileReference; lastKnownFileType = sourcecode.swift; path = LocalFileManager.swift; sourceTree = "<group>"; };
		D8DDCCF02ABED74300A1B22B /* SearchBarView.swift */ = {isa = PBXFileReference; lastKnownFileType = sourcecode.swift; path = SearchBarView.swift; sourceTree = "<group>"; };
		D8E332302AA31719002DB3CE /* Crypto.app */ = {isa = PBXFileReference; explicitFileType = wrapper.application; includeInIndex = 0; path = Crypto.app; sourceTree = BUILT_PRODUCTS_DIR; };
		D8E332332AA31719002DB3CE /* CryptoApp.swift */ = {isa = PBXFileReference; lastKnownFileType = sourcecode.swift; path = CryptoApp.swift; sourceTree = "<group>"; };
		D8E332352AA31719002DB3CE /* ContentView.swift */ = {isa = PBXFileReference; lastKnownFileType = sourcecode.swift; path = ContentView.swift; sourceTree = "<group>"; };
		D8E3323A2AA3171A002DB3CE /* Preview Assets.xcassets */ = {isa = PBXFileReference; lastKnownFileType = folder.assetcatalog; path = "Preview Assets.xcassets"; sourceTree = "<group>"; };
		D8E332412AA317C8002DB3CE /* Assets.xcassets */ = {isa = PBXFileReference; lastKnownFileType = folder.assetcatalog; name = Assets.xcassets; path = ../../../../Downloads/Resources/Assets.xcassets; sourceTree = "<group>"; };
		D8E332442AA31830002DB3CE /* Date.swift */ = {isa = PBXFileReference; fileEncoding = 4; lastKnownFileType = sourcecode.swift; path = Date.swift; sourceTree = "<group>"; };
		D8E332452AA31830002DB3CE /* PreviewProvider.swift */ = {isa = PBXFileReference; fileEncoding = 4; lastKnownFileType = sourcecode.swift; path = PreviewProvider.swift; sourceTree = "<group>"; };
		D8E332462AA31830002DB3CE /* String.swift */ = {isa = PBXFileReference; fileEncoding = 4; lastKnownFileType = sourcecode.swift; path = String.swift; sourceTree = "<group>"; };
		D8E332472AA31830002DB3CE /* Double.swift */ = {isa = PBXFileReference; fileEncoding = 4; lastKnownFileType = sourcecode.swift; path = Double.swift; sourceTree = "<group>"; };
		D8E332482AA31830002DB3CE /* UIApplication.swift */ = {isa = PBXFileReference; fileEncoding = 4; lastKnownFileType = sourcecode.swift; path = UIApplication.swift; sourceTree = "<group>"; };
		D8E332492AA31830002DB3CE /* Color.swift */ = {isa = PBXFileReference; fileEncoding = 4; lastKnownFileType = sourcecode.swift; path = Color.swift; sourceTree = "<group>"; };
		D8E332532AA31B7B002DB3CE /* HomeView.swift */ = {isa = PBXFileReference; lastKnownFileType = sourcecode.swift; path = HomeView.swift; sourceTree = "<group>"; };
		D8E332562AA31E8C002DB3CE /* CircleButton.swift */ = {isa = PBXFileReference; lastKnownFileType = sourcecode.swift; path = CircleButton.swift; sourceTree = "<group>"; };
		D8E332582AA33C1C002DB3CE /* CircleButtonAnimationView.swift */ = {isa = PBXFileReference; lastKnownFileType = sourcecode.swift; path = CircleButtonAnimationView.swift; sourceTree = "<group>"; };
		D8E3325C2AA348AC002DB3CE /* CoinModel.swift */ = {isa = PBXFileReference; fileEncoding = 4; lastKnownFileType = sourcecode.swift; path = CoinModel.swift; sourceTree = "<group>"; };
		D8E3325D2AA348AC002DB3CE /* MarketDataModel.swift */ = {isa = PBXFileReference; fileEncoding = 4; lastKnownFileType = sourcecode.swift; path = MarketDataModel.swift; sourceTree = "<group>"; };
		D8E3325F2AA348AC002DB3CE /* PortfolioContainer.xcdatamodel */ = {isa = PBXFileReference; lastKnownFileType = wrapper.xcdatamodel; path = PortfolioContainer.xcdatamodel; sourceTree = "<group>"; };
		D8E332602AA348AC002DB3CE /* StatisticModel.swift */ = {isa = PBXFileReference; fileEncoding = 4; lastKnownFileType = sourcecode.swift; path = StatisticModel.swift; sourceTree = "<group>"; };
		D8E332612AA348AC002DB3CE /* CoinDetailModel.swift */ = {isa = PBXFileReference; fileEncoding = 4; lastKnownFileType = sourcecode.swift; path = CoinDetailModel.swift; sourceTree = "<group>"; };
		D8E332672AA36EEC002DB3CE /* CoinRowView.swift */ = {isa = PBXFileReference; lastKnownFileType = sourcecode.swift; path = CoinRowView.swift; sourceTree = "<group>"; };
/* End PBXFileReference section */

/* Begin PBXFrameworksBuildPhase section */
		D8E3322D2AA31719002DB3CE /* Frameworks */ = {
			isa = PBXFrameworksBuildPhase;
			buildActionMask = 2147483647;
			files = (
			);
			runOnlyForDeploymentPostprocessing = 0;
		};
/* End PBXFrameworksBuildPhase section */

/* Begin PBXGroup section */
		D8DDCCE42AB8181D00A1B22B /* Services */ = {
			isa = PBXGroup;
			children = (
				D8DDCCE52AB8183800A1B22B /* CoinDataService.swift */,
			);
			path = Services;
			sourceTree = "<group>";
		};
		D8DDCCE72AB8252200A1B22B /* Utilities */ = {
			isa = PBXGroup;
			children = (
				D8DDCCE82AB8252F00A1B22B /* NetworkManager.swift */,
				D8DDCCEC2AB878F800A1B22B /* LocalFileManager.swift */,
			);
			path = Utilities;
			sourceTree = "<group>";
		};
		D8E332272AA31719002DB3CE = {
			isa = PBXGroup;
			children = (
				D8E332322AA31719002DB3CE /* Crypto */,
				D8E332312AA31719002DB3CE /* Products */,
			);
			sourceTree = "<group>";
		};
		D8E332312AA31719002DB3CE /* Products */ = {
			isa = PBXGroup;
			children = (
				D8E332302AA31719002DB3CE /* Crypto.app */,
			);
			name = Products;
			sourceTree = "<group>";
		};
		D8E332322AA31719002DB3CE /* Crypto */ = {
			isa = PBXGroup;
			children = (
				D8E332502AA31B54002DB3CE /* Core */,
				D8E332332AA31719002DB3CE /* CryptoApp.swift */,
				D8E332352AA31719002DB3CE /* ContentView.swift */,
				D8E332432AA31830002DB3CE /* Extensions */,
				D8E332412AA317C8002DB3CE /* Assets.xcassets */,
				D8E332392AA3171A002DB3CE /* Preview Content */,
			);
			path = Crypto;
			sourceTree = "<group>";
		};
		D8E332392AA3171A002DB3CE /* Preview Content */ = {
			isa = PBXGroup;
			children = (
				D8E3323A2AA3171A002DB3CE /* Preview Assets.xcassets */,
			);
			path = "Preview Content";
			sourceTree = "<group>";
		};
		D8E332432AA31830002DB3CE /* Extensions */ = {
			isa = PBXGroup;
			children = (
				D8E332442AA31830002DB3CE /* Date.swift */,
				D8E332452AA31830002DB3CE /* PreviewProvider.swift */,
				D8E332462AA31830002DB3CE /* String.swift */,
				D8E332472AA31830002DB3CE /* Double.swift */,
				D8E332482AA31830002DB3CE /* UIApplication.swift */,
				D8E332492AA31830002DB3CE /* Color.swift */,
			);
			path = Extensions;
			sourceTree = "<group>";
		};
		D8E332502AA31B54002DB3CE /* Core */ = {
			isa = PBXGroup;
			children = (
				D8DDCCE72AB8252200A1B22B /* Utilities */,
				D8DDCCE42AB8181D00A1B22B /* Services */,
				D8E3325B2AA348AC002DB3CE /* Models */,
				D8E332522AA31B6B002DB3CE /* Components  */,
				D8E332512AA31B66002DB3CE /* Home */,
			);
			path = Core;
			sourceTree = "<group>";
		};
		D8E332512AA31B66002DB3CE /* Home */ = {
			isa = PBXGroup;
			children = (
				D8E332532AA31B7B002DB3CE /* HomeView.swift */,
				D8B0E8C62AD2A39B0029513C /* HomeStatsView.swift */,
				D8E332672AA36EEC002DB3CE /* CoinRowView.swift */,
				D8DDCCE22AB1CE7700A1B22B /* HomeViewViewModel.swift */,
			);
			path = Home;
			sourceTree = "<group>";
		};
		D8E332522AA31B6B002DB3CE /* Components  */ = {
			isa = PBXGroup;
			children = (
				D8E332552AA31E76002DB3CE /* CircleButton */,
				D8DDCCEA2AB82B5F00A1B22B /* CoinImageView.swift */,
				D8DDCCF02ABED74300A1B22B /* SearchBarView.swift */,
				D8B0E8C42AD277990029513C /* StaticsticView.swift */,
			);
			path = "Components ";
			sourceTree = "<group>";
		};
		D8E332552AA31E76002DB3CE /* CircleButton */ = {
			isa = PBXGroup;
			children = (
				D8E332562AA31E8C002DB3CE /* CircleButton.swift */,
				D8E332582AA33C1C002DB3CE /* CircleButtonAnimationView.swift */,
			);
			path = CircleButton;
			sourceTree = "<group>";
		};
		D8E3325B2AA348AC002DB3CE /* Models */ = {
			isa = PBXGroup;
			children = (
				D8E3325C2AA348AC002DB3CE /* CoinModel.swift */,
				D8E3325D2AA348AC002DB3CE /* MarketDataModel.swift */,
				D8E3325E2AA348AC002DB3CE /* PortfolioContainer.xcdatamodeld */,
				D8E332602AA348AC002DB3CE /* StatisticModel.swift */,
				D8E332612AA348AC002DB3CE /* CoinDetailModel.swift */,
			);
			path = Models;
			sourceTree = "<group>";
		};
/* End PBXGroup section */

/* Begin PBXNativeTarget section */
		D8E3322F2AA31719002DB3CE /* Crypto */ = {
			isa = PBXNativeTarget;
			buildConfigurationList = D8E3323E2AA3171A002DB3CE /* Build configuration list for PBXNativeTarget "Crypto" */;
			buildPhases = (
				D8E3322C2AA31719002DB3CE /* Sources */,
				D8E3322D2AA31719002DB3CE /* Frameworks */,
				D8E3322E2AA31719002DB3CE /* Resources */,
			);
			buildRules = (
			);
			dependencies = (
			);
			name = Crypto;
			productName = Crypto;
			productReference = D8E332302AA31719002DB3CE /* Crypto.app */;
			productType = "com.apple.product-type.application";
		};
/* End PBXNativeTarget section */

/* Begin PBXProject section */
		D8E332282AA31719002DB3CE /* Project object */ = {
			isa = PBXProject;
			attributes = {
				BuildIndependentTargetsInParallel = 1;
				LastSwiftUpdateCheck = 1430;
				LastUpgradeCheck = 1430;
				TargetAttributes = {
					D8E3322F2AA31719002DB3CE = {
						CreatedOnToolsVersion = 14.3.1;
					};
				};
			};
			buildConfigurationList = D8E3322B2AA31719002DB3CE /* Build configuration list for PBXProject "Crypto" */;
			compatibilityVersion = "Xcode 14.0";
			developmentRegion = en;
			hasScannedForEncodings = 0;
			knownRegions = (
				en,
				Base,
			);
			mainGroup = D8E332272AA31719002DB3CE;
			productRefGroup = D8E332312AA31719002DB3CE /* Products */;
			projectDirPath = "";
			projectRoot = "";
			targets = (
				D8E3322F2AA31719002DB3CE /* Crypto */,
			);
		};
/* End PBXProject section */

/* Begin PBXResourcesBuildPhase section */
		D8E3322E2AA31719002DB3CE /* Resources */ = {
			isa = PBXResourcesBuildPhase;
			buildActionMask = 2147483647;
			files = (
				D8E3323B2AA3171A002DB3CE /* Preview Assets.xcassets in Resources */,
				D8E332422AA317C8002DB3CE /* Assets.xcassets in Resources */,
			);
			runOnlyForDeploymentPostprocessing = 0;
		};
/* End PBXResourcesBuildPhase section */

/* Begin PBXSourcesBuildPhase section */
		D8E3322C2AA31719002DB3CE /* Sources */ = {
			isa = PBXSourcesBuildPhase;
			buildActionMask = 2147483647;
			files = (
				D8E332642AA348AC002DB3CE /* PortfolioContainer.xcdatamodeld in Sources */,
				D8DDCCED2AB878F800A1B22B /* LocalFileManager.swift in Sources */,
				D8E332542AA31B7B002DB3CE /* HomeView.swift in Sources */,
				D8E332362AA31719002DB3CE /* ContentView.swift in Sources */,
				D8B0E8C72AD2A39B0029513C /* HomeStatsView.swift in Sources */,
				D8E3324E2AA31830002DB3CE /* UIApplication.swift in Sources */,
				D8B0E8C52AD277990029513C /* StaticsticView.swift in Sources */,
				D8DDCCE62AB8183800A1B22B /* CoinDataService.swift in Sources */,
				D8DDCCF12ABED74300A1B22B /* SearchBarView.swift in Sources */,
				D8DDCCEB2AB82B5F00A1B22B /* CoinImageView.swift in Sources */,
				D8E3324B2AA31830002DB3CE /* PreviewProvider.swift in Sources */,
				D8E332622AA348AC002DB3CE /* CoinModel.swift in Sources */,
				D8E3324C2AA31830002DB3CE /* String.swift in Sources */,
				D8DDCCE32AB1CE7700A1B22B /* HomeViewViewModel.swift in Sources */,
				D8E332632AA348AC002DB3CE /* MarketDataModel.swift in Sources */,
				D8E332592AA33C1C002DB3CE /* CircleButtonAnimationView.swift in Sources */,
				D8E332572AA31E8C002DB3CE /* CircleButton.swift in Sources */,
				D8DDCCE92AB8252F00A1B22B /* NetworkManager.swift in Sources */,
				D8E332652AA348AC002DB3CE /* StatisticModel.swift in Sources */,
				D8E3324A2AA31830002DB3CE /* Date.swift in Sources */,
				D8E3324F2AA31830002DB3CE /* Color.swift in Sources */,
				D8E332662AA348AC002DB3CE /* CoinDetailModel.swift in Sources */,
				D8E3324D2AA31830002DB3CE /* Double.swift in Sources */,
				D8E332682AA36EEC002DB3CE /* CoinRowView.swift in Sources */,
				D8E332342AA31719002DB3CE /* CryptoApp.swift in Sources */,
			);
			runOnlyForDeploymentPostprocessing = 0;
		};
/* End PBXSourcesBuildPhase section */

/* Begin XCBuildConfiguration section */
		D8E3323C2AA3171A002DB3CE /* Debug */ = {
			isa = XCBuildConfiguration;
			buildSettings = {
				ALWAYS_SEARCH_USER_PATHS = NO;
				CLANG_ANALYZER_NONNULL = YES;
				CLANG_ANALYZER_NUMBER_OBJECT_CONVERSION = YES_AGGRESSIVE;
				CLANG_CXX_LANGUAGE_STANDARD = "gnu++20";
				CLANG_ENABLE_MODULES = YES;
				CLANG_ENABLE_OBJC_ARC = YES;
				CLANG_ENABLE_OBJC_WEAK = YES;
				CLANG_WARN_BLOCK_CAPTURE_AUTORELEASING = YES;
				CLANG_WARN_BOOL_CONVERSION = YES;
				CLANG_WARN_COMMA = YES;
				CLANG_WARN_CONSTANT_CONVERSION = YES;
				CLANG_WARN_DEPRECATED_OBJC_IMPLEMENTATIONS = YES;
				CLANG_WARN_DIRECT_OBJC_ISA_USAGE = YES_ERROR;
				CLANG_WARN_DOCUMENTATION_COMMENTS = YES;
				CLANG_WARN_EMPTY_BODY = YES;
				CLANG_WARN_ENUM_CONVERSION = YES;
				CLANG_WARN_INFINITE_RECURSION = YES;
				CLANG_WARN_INT_CONVERSION = YES;
				CLANG_WARN_NON_LITERAL_NULL_CONVERSION = YES;
				CLANG_WARN_OBJC_IMPLICIT_RETAIN_SELF = YES;
				CLANG_WARN_OBJC_LITERAL_CONVERSION = YES;
				CLANG_WARN_OBJC_ROOT_CLASS = YES_ERROR;
				CLANG_WARN_QUOTED_INCLUDE_IN_FRAMEWORK_HEADER = YES;
				CLANG_WARN_RANGE_LOOP_ANALYSIS = YES;
				CLANG_WARN_STRICT_PROTOTYPES = YES;
				CLANG_WARN_SUSPICIOUS_MOVE = YES;
				CLANG_WARN_UNGUARDED_AVAILABILITY = YES_AGGRESSIVE;
				CLANG_WARN_UNREACHABLE_CODE = YES;
				CLANG_WARN__DUPLICATE_METHOD_MATCH = YES;
				COPY_PHASE_STRIP = NO;
				DEBUG_INFORMATION_FORMAT = dwarf;
				ENABLE_STRICT_OBJC_MSGSEND = YES;
				ENABLE_TESTABILITY = YES;
				GCC_C_LANGUAGE_STANDARD = gnu11;
				GCC_DYNAMIC_NO_PIC = NO;
				GCC_NO_COMMON_BLOCKS = YES;
				GCC_OPTIMIZATION_LEVEL = 0;
				GCC_PREPROCESSOR_DEFINITIONS = (
					"DEBUG=1",
					"$(inherited)",
				);
				GCC_WARN_64_TO_32_BIT_CONVERSION = YES;
				GCC_WARN_ABOUT_RETURN_TYPE = YES_ERROR;
				GCC_WARN_UNDECLARED_SELECTOR = YES;
				GCC_WARN_UNINITIALIZED_AUTOS = YES_AGGRESSIVE;
				GCC_WARN_UNUSED_FUNCTION = YES;
				GCC_WARN_UNUSED_VARIABLE = YES;
				IPHONEOS_DEPLOYMENT_TARGET = 16.4;
				MTL_ENABLE_DEBUG_INFO = INCLUDE_SOURCE;
				MTL_FAST_MATH = YES;
				ONLY_ACTIVE_ARCH = YES;
				SDKROOT = iphoneos;
				SWIFT_ACTIVE_COMPILATION_CONDITIONS = DEBUG;
				SWIFT_OPTIMIZATION_LEVEL = "-Onone";
			};
			name = Debug;
		};
		D8E3323D2AA3171A002DB3CE /* Release */ = {
			isa = XCBuildConfiguration;
			buildSettings = {
				ALWAYS_SEARCH_USER_PATHS = NO;
				CLANG_ANALYZER_NONNULL = YES;
				CLANG_ANALYZER_NUMBER_OBJECT_CONVERSION = YES_AGGRESSIVE;
				CLANG_CXX_LANGUAGE_STANDARD = "gnu++20";
				CLANG_ENABLE_MODULES = YES;
				CLANG_ENABLE_OBJC_ARC = YES;
				CLANG_ENABLE_OBJC_WEAK = YES;
				CLANG_WARN_BLOCK_CAPTURE_AUTORELEASING = YES;
				CLANG_WARN_BOOL_CONVERSION = YES;
				CLANG_WARN_COMMA = YES;
				CLANG_WARN_CONSTANT_CONVERSION = YES;
				CLANG_WARN_DEPRECATED_OBJC_IMPLEMENTATIONS = YES;
				CLANG_WARN_DIRECT_OBJC_ISA_USAGE = YES_ERROR;
				CLANG_WARN_DOCUMENTATION_COMMENTS = YES;
				CLANG_WARN_EMPTY_BODY = YES;
				CLANG_WARN_ENUM_CONVERSION = YES;
				CLANG_WARN_INFINITE_RECURSION = YES;
				CLANG_WARN_INT_CONVERSION = YES;
				CLANG_WARN_NON_LITERAL_NULL_CONVERSION = YES;
				CLANG_WARN_OBJC_IMPLICIT_RETAIN_SELF = YES;
				CLANG_WARN_OBJC_LITERAL_CONVERSION = YES;
				CLANG_WARN_OBJC_ROOT_CLASS = YES_ERROR;
				CLANG_WARN_QUOTED_INCLUDE_IN_FRAMEWORK_HEADER = YES;
				CLANG_WARN_RANGE_LOOP_ANALYSIS = YES;
				CLANG_WARN_STRICT_PROTOTYPES = YES;
				CLANG_WARN_SUSPICIOUS_MOVE = YES;
				CLANG_WARN_UNGUARDED_AVAILABILITY = YES_AGGRESSIVE;
				CLANG_WARN_UNREACHABLE_CODE = YES;
				CLANG_WARN__DUPLICATE_METHOD_MATCH = YES;
				COPY_PHASE_STRIP = NO;
				DEBUG_INFORMATION_FORMAT = "dwarf-with-dsym";
				ENABLE_NS_ASSERTIONS = NO;
				ENABLE_STRICT_OBJC_MSGSEND = YES;
				GCC_C_LANGUAGE_STANDARD = gnu11;
				GCC_NO_COMMON_BLOCKS = YES;
				GCC_WARN_64_TO_32_BIT_CONVERSION = YES;
				GCC_WARN_ABOUT_RETURN_TYPE = YES_ERROR;
				GCC_WARN_UNDECLARED_SELECTOR = YES;
				GCC_WARN_UNINITIALIZED_AUTOS = YES_AGGRESSIVE;
				GCC_WARN_UNUSED_FUNCTION = YES;
				GCC_WARN_UNUSED_VARIABLE = YES;
				IPHONEOS_DEPLOYMENT_TARGET = 16.4;
				MTL_ENABLE_DEBUG_INFO = NO;
				MTL_FAST_MATH = YES;
				SDKROOT = iphoneos;
				SWIFT_COMPILATION_MODE = wholemodule;
				SWIFT_OPTIMIZATION_LEVEL = "-O";
				VALIDATE_PRODUCT = YES;
			};
			name = Release;
		};
		D8E3323F2AA3171A002DB3CE /* Debug */ = {
			isa = XCBuildConfiguration;
			buildSettings = {
				ASSETCATALOG_COMPILER_APPICON_NAME = AppIcon;
				ASSETCATALOG_COMPILER_GLOBAL_ACCENT_COLOR_NAME = AccentColor;
				CODE_SIGN_STYLE = Automatic;
				CURRENT_PROJECT_VERSION = 1;
				DEVELOPMENT_ASSET_PATHS = "\"Crypto/Preview Content\"";
				ENABLE_PREVIEWS = YES;
				GENERATE_INFOPLIST_FILE = YES;
				INFOPLIST_KEY_UIApplicationSceneManifest_Generation = YES;
				INFOPLIST_KEY_UIApplicationSupportsIndirectInputEvents = YES;
				INFOPLIST_KEY_UILaunchScreen_Generation = YES;
				INFOPLIST_KEY_UISupportedInterfaceOrientations = UIInterfaceOrientationPortrait;
				INFOPLIST_KEY_UISupportedInterfaceOrientations_iPad = "UIInterfaceOrientationLandscapeLeft UIInterfaceOrientationLandscapeRight UIInterfaceOrientationPortrait UIInterfaceOrientationPortraitUpsideDown";
				LD_RUNPATH_SEARCH_PATHS = (
					"$(inherited)",
					"@executable_path/Frameworks",
				);
				MARKETING_VERSION = 1.0;
				PRODUCT_BUNDLE_IDENTIFIER = com.github.Crypto.Crypto;
				PRODUCT_NAME = "$(TARGET_NAME)";
				SWIFT_EMIT_LOC_STRINGS = YES;
				SWIFT_VERSION = 5.0;
				TARGETED_DEVICE_FAMILY = "1,2";
			};
			name = Debug;
		};
		D8E332402AA3171A002DB3CE /* Release */ = {
			isa = XCBuildConfiguration;
			buildSettings = {
				ASSETCATALOG_COMPILER_APPICON_NAME = AppIcon;
				ASSETCATALOG_COMPILER_GLOBAL_ACCENT_COLOR_NAME = AccentColor;
				CODE_SIGN_STYLE = Automatic;
				CURRENT_PROJECT_VERSION = 1;
				DEVELOPMENT_ASSET_PATHS = "\"Crypto/Preview Content\"";
				ENABLE_PREVIEWS = YES;
				GENERATE_INFOPLIST_FILE = YES;
				INFOPLIST_KEY_UIApplicationSceneManifest_Generation = YES;
				INFOPLIST_KEY_UIApplicationSupportsIndirectInputEvents = YES;
				INFOPLIST_KEY_UILaunchScreen_Generation = YES;
				INFOPLIST_KEY_UISupportedInterfaceOrientations = UIInterfaceOrientationPortrait;
				INFOPLIST_KEY_UISupportedInterfaceOrientations_iPad = "UIInterfaceOrientationLandscapeLeft UIInterfaceOrientationLandscapeRight UIInterfaceOrientationPortrait UIInterfaceOrientationPortraitUpsideDown";
				LD_RUNPATH_SEARCH_PATHS = (
					"$(inherited)",
					"@executable_path/Frameworks",
				);
				MARKETING_VERSION = 1.0;
				PRODUCT_BUNDLE_IDENTIFIER = com.github.Crypto.Crypto;
				PRODUCT_NAME = "$(TARGET_NAME)";
				SWIFT_EMIT_LOC_STRINGS = YES;
				SWIFT_VERSION = 5.0;
				TARGETED_DEVICE_FAMILY = "1,2";
			};
			name = Release;
		};
/* End XCBuildConfiguration section */

/* Begin XCConfigurationList section */
		D8E3322B2AA31719002DB3CE /* Build configuration list for PBXProject "Crypto" */ = {
			isa = XCConfigurationList;
			buildConfigurations = (
				D8E3323C2AA3171A002DB3CE /* Debug */,
				D8E3323D2AA3171A002DB3CE /* Release */,
			);
			defaultConfigurationIsVisible = 0;
			defaultConfigurationName = Release;
		};
		D8E3323E2AA3171A002DB3CE /* Build configuration list for PBXNativeTarget "Crypto" */ = {
			isa = XCConfigurationList;
			buildConfigurations = (
				D8E3323F2AA3171A002DB3CE /* Debug */,
				D8E332402AA3171A002DB3CE /* Release */,
			);
			defaultConfigurationIsVisible = 0;
			defaultConfigurationName = Release;
		};
/* End XCConfigurationList section */

/* Begin XCVersionGroup section */
		D8E3325E2AA348AC002DB3CE /* PortfolioContainer.xcdatamodeld */ = {
			isa = XCVersionGroup;
			children = (
				D8E3325F2AA348AC002DB3CE /* PortfolioContainer.xcdatamodel */,
			);
			currentVersion = D8E3325F2AA348AC002DB3CE /* PortfolioContainer.xcdatamodel */;
			path = PortfolioContainer.xcdatamodeld;
			sourceTree = "<group>";
			versionGroupType = wrapper.xcdatamodel;
		};
/* End XCVersionGroup section */
	};
	rootObject = D8E332282AA31719002DB3CE /* Project object */;
}
